<?xml version="1.0" encoding="utf-8"?>
<Project ToolsVersion="4.0" xmlns="http://schemas.microsoft.com/developer/msbuild/2003">
  <ItemGroup>
    <Filter Include="Source Files">
      <UniqueIdentifier>{a6e40558-3eb2-459a-b5cc-495433eea016}</UniqueIdentifier>
      <Extensions>cpp;c;cxx;rc;def;r;odl;idl;hpj;bat</Extensions>
    </Filter>
    <Filter Include="Header Files">
      <UniqueIdentifier>{d170d960-8549-4478-be45-d49f277e9b96}</UniqueIdentifier>
      <Extensions>h;hpp;hxx;hm;inl</Extensions>
    </Filter>
    <Filter Include="Resource Files">
      <UniqueIdentifier>{230afa28-47b6-42e6-98b0-9b9a25356d03}</UniqueIdentifier>
      <Extensions>ico;cur;bmp;dlg;rc2;rct;bin;rgs;gif;jpg;jpeg;jpe</Extensions>
    </Filter>
  </ItemGroup>
  <ItemGroup>
    <ClCompile Include="ArrowObject.cpp">
      <Filter>Source Files</Filter>
    </ClCompile>
    <ClCompile Include="BODDialog.cpp">
      <Filter>Source Files</Filter>
    </ClCompile>
    <ClCompile Include="BondObject.cpp">
      <Filter>Source Files</Filter>
    </ClCompile>
    <ClCompile Include="CellsDialog.cpp">
      <Filter>Source Files</Filter>
    </ClCompile>
    <ClCompile Include="ChangeTypeDialog.cpp">
      <Filter>Source Files</Filter>
    </ClCompile>
    <ClCompile Include="ChildFrm.cpp">
      <Filter>Source Files</Filter>
    </ClCompile>
    <ClCompile Include="ClusteringDialog.cpp">
      <Filter>Source Files</Filter>
    </ClCompile>
    <ClCompile Include="CurrentDialog.cpp">
      <Filter>Source Files</Filter>
    </ClCompile>
    <ClCompile Include="CustomCommandLineInfo.cpp">
      <Filter>Source Files</Filter>
    </ClCompile>
    <ClCompile Include="CylinderCommand.cpp">
      <Filter>Source Files</Filter>
    </ClCompile>
    <ClCompile Include="DiffractionDialog.cpp">
      <Filter>Source Files</Filter>
    </ClCompile>
    <ClCompile Include="DlgToolBar.cpp">
      <Filter>Source Files</Filter>
    </ClCompile>
    <ClCompile Include="DrawingCommand.cpp">
      <Filter>Source Files</Filter>
    </ClCompile>
    <ClCompile Include="DrawingObject.cpp">
      <Filter>Source Files</Filter>
    </ClCompile>
    <ClCompile Include="DrawnButton.cpp">
      <Filter>Source Files</Filter>
    </ClCompile>
    <ClCompile Include="DrawnEdit.cpp">
      <Filter>Source Files</Filter>
    </ClCompile>
    <ClCompile Include="FFTStatic.cpp">
      <Filter>Source Files</Filter>
    </ClCompile>
    <ClCompile Include="FormatDialog.cpp">
      <Filter>Source Files</Filter>
    </ClCompile>
    <ClCompile Include="GLEnabledView.cpp">
      <Filter>Source Files</Filter>
    </ClCompile>
    <ClCompile Include="GraphCtrl.cpp">
      <Filter>Source Files</Filter>
    </ClCompile>
    <ClCompile Include="HelpDialog.cpp">
      <Filter>Source Files</Filter>
    </ClCompile>
    <ClCompile Include="HemisphereCommand.cpp">
      <Filter>Source Files</Filter>
    </ClCompile>
    <ClCompile Include="LightDialog.cpp">
      <Filter>Source Files</Filter>
    </ClCompile>
    <ClCompile Include="LineCommand.cpp">
      <Filter>Source Files</Filter>
    </ClCompile>
    <ClCompile Include="MainFrm.cpp">
      <Filter>Source Files</Filter>
    </ClCompile>
    <ClCompile Include="MaterialsDialog.cpp">
      <Filter>Source Files</Filter>
    </ClCompile>
    <ClCompile Include="matrix.cpp">
      <Filter>Source Files</Filter>
    </ClCompile>
    <ClCompile Include="ModelessDialog.cpp">
      <Filter>Source Files</Filter>
    </ClCompile>
    <ClCompile Include="myfft.cpp">
      <Filter>Source Files</Filter>
    </ClCompile>
    <ClCompile Include="ObjectDialog.cpp">
      <Filter>Source Files</Filter>
    </ClCompile>
    <ClCompile Include="Particle.cpp">
      <Filter>Source Files</Filter>
    </ClCompile>
    <ClCompile Include="ParticlesPage.cpp">
      <Filter>Source Files</Filter>
    </ClCompile>
    <ClCompile Include="ParticleTemplateDialog.cpp">
      <Filter>Source Files</Filter>
    </ClCompile>
    <ClCompile Include="PolygonCommand.cpp">
      <Filter>Source Files</Filter>
    </ClCompile>
    <ClCompile Include="Position.cpp">
      <Filter>Source Files</Filter>
    </ClCompile>
    <ClCompile Include="PreprocPage.cpp">
      <Filter>Source Files</Filter>
    </ClCompile>
    <ClCompile Include="ProjectionDialog.cpp">
      <Filter>Source Files</Filter>
    </ClCompile>
    <ClCompile Include="QuartersphereCommand.cpp">
      <Filter>Source Files</Filter>
    </ClCompile>
    <ClCompile Include="RDFDialog.cpp">
      <Filter>Source Files</Filter>
    </ClCompile>
    <ClCompile Include="ReadDialog.cpp">
      <Filter>Source Files</Filter>
    </ClCompile>
    <ClCompile Include="ReplicateDialog.cpp">
      <Filter>Source Files</Filter>
    </ClCompile>
    <ClCompile Include="ResizingDialog.cpp">
      <Filter>Source Files</Filter>
    </ClCompile>
    <ClCompile Include="Serie.cpp">
      <Filter>Source Files</Filter>
    </ClCompile>
    <ClCompile Include="SettingsDialog.cpp">
      <Filter>Source Files</Filter>
    </ClCompile>
    <ClCompile Include="SpecialEffectsPage.cpp">
      <Filter>Source Files</Filter>
    </ClCompile>
    <ClCompile Include="Sphere.cpp">
      <Filter>Source Files</Filter>
    </ClCompile>
    <ClCompile Include="SphereCommand.cpp">
      <Filter>Source Files</Filter>
    </ClCompile>
    <ClCompile Include="SphereObject.cpp">
      <Filter>Source Files</Filter>
    </ClCompile>
    <ClCompile Include="Splash.cpp">
      <Filter>Source Files</Filter>
    </ClCompile>
    <ClCompile Include="StdAfx.cpp">
      <Filter>Source Files</Filter>
    </ClCompile>
    <ClCompile Include="Strman.cpp">
      <Filter>Source Files</Filter>
    </ClCompile>
    <ClCompile Include="Texture.cpp">
      <Filter>Source Files</Filter>
    </ClCompile>
    <ClCompile Include="TwoQuartersphereCommand.cpp">
      <Filter>Source Files</Filter>
    </ClCompile>
    <ClCompile Include="TypeCommand.cpp">
      <Filter>Source Files</Filter>
    </ClCompile>
    <ClCompile Include="ViewParticleDialog.cpp">
      <Filter>Source Files</Filter>
    </ClCompile>
    <ClCompile Include="Visualizer_X.cpp">
      <Filter>Source Files</Filter>
    </ClCompile>
    <ClCompile Include="Visualizer_XDoc.cpp">
      <Filter>Source Files</Filter>
    </ClCompile>
    <ClCompile Include="Visualizer_XView.cpp">
      <Filter>Source Files</Filter>
    </ClCompile>
  </ItemGroup>
  <ItemGroup>
    <ResourceCompile Include="Visualizer_X.rc">
      <Filter>Source Files</Filter>
    </ResourceCompile>
  </ItemGroup>
  <ItemGroup>
    <ClInclude Include="ArrowObject.h">
      <Filter>Header Files</Filter>
    </ClInclude>
    <ClInclude Include="BODDialog.h">
      <Filter>Header Files</Filter>
    </ClInclude>
    <ClInclude Include="BondObject.h">
      <Filter>Header Files</Filter>
    </ClInclude>
    <ClInclude Include="BuildingBlock.h">
      <Filter>Header Files</Filter>
    </ClInclude>
    <ClInclude Include="CellsDialog.h">
      <Filter>Header Files</Filter>
    </ClInclude>
    <ClInclude Include="ChangeTypeDialog.h">
      <Filter>Header Files</Filter>
    </ClInclude>
    <ClInclude Include="ChildFrm.h">
      <Filter>Header Files</Filter>
    </ClInclude>
    <ClInclude Include="ClusteringDialog.h">
      <Filter>Header Files</Filter>
    </ClInclude>
    <ClInclude Include="CurrentDialog.h">
      <Filter>Header Files</Filter>
    </ClInclude>
    <ClInclude Include="CustomCommandLineInfo.h">
      <Filter>Header Files</Filter>
    </ClInclude>
    <ClInclude Include="CylinderCommand.h">
      <Filter>Header Files</Filter>
    </ClInclude>
    <ClInclude Include="DiffractionDialog.h">
      <Filter>Header Files</Filter>
    </ClInclude>
    <ClInclude Include="DlgToolBar.h">
      <Filter>Header Files</Filter>
    </ClInclude>
    <ClInclude Include="DrawingCommand.h">
      <Filter>Header Files</Filter>
    </ClInclude>
    <ClInclude Include="DrawingObject.h">
      <Filter>Header Files</Filter>
    </ClInclude>
    <ClInclude Include="DrawnButton.h">
      <Filter>Header Files</Filter>
    </ClInclude>
    <ClInclude Include="DrawnEdit.h">
      <Filter>Header Files</Filter>
    </ClInclude>
    <ClInclude Include="FFTStatic.h">
      <Filter>Header Files</Filter>
    </ClInclude>
    <ClInclude Include="FormatDialog.h">
      <Filter>Header Files</Filter>
    </ClInclude>
    <ClInclude Include="GLEnabledView.h">
      <Filter>Header Files</Filter>
    </ClInclude>
    <ClInclude Include="GraphCtrl.h">
      <Filter>Header Files</Filter>
    </ClInclude>
    <ClInclude Include="HelpDialog.h">
      <Filter>Header Files</Filter>
    </ClInclude>
    <ClInclude Include="HemisphereCommand.h">
      <Filter>Header Files</Filter>
    </ClInclude>
    <ClInclude Include="LightDialog.h">
      <Filter>Header Files</Filter>
    </ClInclude>
    <ClInclude Include="LineCommand.h">
      <Filter>Header Files</Filter>
    </ClInclude>
    <ClInclude Include="MainFrm.h">
      <Filter>Header Files</Filter>
    </ClInclude>
    <ClInclude Include="MaterialsDialog.h">
      <Filter>Header Files</Filter>
    </ClInclude>
    <ClInclude Include="matrix.h">
      <Filter>Header Files</Filter>
    </ClInclude>
    <ClInclude Include="memdc.h">
      <Filter>Header Files</Filter>
    </ClInclude>
    <ClInclude Include="ModelessDialog.h">
      <Filter>Header Files</Filter>
    </ClInclude>
    <ClInclude Include="myfft.h">
      <Filter>Header Files</Filter>
    </ClInclude>
    <ClInclude Include="ObjectDialog.h">
      <Filter>Header Files</Filter>
    </ClInclude>
    <ClInclude Include="Particle.h">
      <Filter>Header Files</Filter>
    </ClInclude>
    <ClInclude Include="ParticlesPage.h">
      <Filter>Header Files</Filter>
    </ClInclude>
    <ClInclude Include="ParticleTemplateDialog.h">
      <Filter>Header Files</Filter>
    </ClInclude>
    <ClInclude Include="PolygonCommand.h">
      <Filter>Header Files</Filter>
    </ClInclude>
    <ClInclude Include="Position.h">
      <Filter>Header Files</Filter>
    </ClInclude>
    <ClInclude Include="PreprocPage.h">
      <Filter>Header Files</Filter>
    </ClInclude>
    <ClInclude Include="ProjectionDialog.h">
      <Filter>Header Files</Filter>
    </ClInclude>
    <ClInclude Include="QuartersphereCommand.h">
      <Filter>Header Files</Filter>
    </ClInclude>
    <ClInclude Include="RDFDialog.h">
      <Filter>Header Files</Filter>
    </ClInclude>
    <ClInclude Include="ReadDialog.h">
      <Filter>Header Files</Filter>
    </ClInclude>
    <ClInclude Include="Render.h">
      <Filter>Header Files</Filter>
    </ClInclude>
    <ClInclude Include="ReplicateDialog.h">
      <Filter>Header Files</Filter>
    </ClInclude>
    <ClInclude Include="ResizingDialog.h">
      <Filter>Header Files</Filter>
    </ClInclude>
    <ClInclude Include="Resource.h">
      <Filter>Header Files</Filter>
    </ClInclude>
    <ClInclude Include="Serie.h">
      <Filter>Header Files</Filter>
    </ClInclude>
    <ClInclude Include="SettingsDialog.h">
      <Filter>Header Files</Filter>
    </ClInclude>
    <ClInclude Include="SpecialEffectsPage.h">
      <Filter>Header Files</Filter>
    </ClInclude>
    <ClInclude Include="Sphere.h">
      <Filter>Header Files</Filter>
    </ClInclude>
    <ClInclude Include="SphereCommand.h">
      <Filter>Header Files</Filter>
    </ClInclude>
    <ClInclude Include="SphereObject.h">
      <Filter>Header Files</Filter>
    </ClInclude>
    <ClInclude Include="Splash.h">
      <Filter>Header Files</Filter>
    </ClInclude>
    <ClInclude Include="StdAfx.h">
      <Filter>Header Files</Filter>
    </ClInclude>
    <ClInclude Include="StrMan.h">
      <Filter>Header Files</Filter>
    </ClInclude>
    <ClInclude Include="Texture.h">
      <Filter>Header Files</Filter>
    </ClInclude>
    <ClInclude Include="TwoQuartersphereCommand.h">
      <Filter>Header Files</Filter>
    </ClInclude>
    <ClInclude Include="TypeCommand.h">
      <Filter>Header Files</Filter>
    </ClInclude>
    <ClInclude Include="ViewParticleDialog.h">
      <Filter>Header Files</Filter>
    </ClInclude>
    <ClInclude Include="Visualizer_X.h">
      <Filter>Header Files</Filter>
    </ClInclude>
    <ClInclude Include="Visualizer_XDoc.h">
      <Filter>Header Files</Filter>
    </ClInclude>
    <ClInclude Include="Visualizer_XView.h">
      <Filter>Header Files</Filter>
    </ClInclude>
  </ItemGroup>
  <ItemGroup>
    <Image Include="res\diffract.ico">
      <Filter>Resource Files</Filter>
    </Image>
    <Image Include="res\icon1.ico">
      <Filter>Resource Files</Filter>
    </Image>
    <Image Include="res\idr_mate.ico">
      <Filter>Resource Files</Filter>
    </Image>
    <Image Include="res\idr_rdf.ico">
      <Filter>Resource Files</Filter>
    </Image>
    <Image Include="res\idr_visu.ico">
      <Filter>Resource Files</Filter>
    </Image>
    <Image Include="Splsh16.bmp">
      <Filter>Resource Files</Filter>
    </Image>
    <Image Include="res\Toolbar.bmp">
      <Filter>Resource Files</Filter>
    </Image>
    <Image Include="res\toolbar1.bmp">
      <Filter>Resource Files</Filter>
    </Image>
    <Image Include="res\Visualizer_X.ico">
      <Filter>Resource Files</Filter>
    </Image>
    <Image Include="res\Visualizer_XDoc.ico">
      <Filter>Resource Files</Filter>
    </Image>
    <Image Include="visualizerX.bmp">
      <Filter>Resource Files</Filter>
    </Image>
  </ItemGroup>
  <ItemGroup>
    <Text Include="ReadMe.txt" />
  </ItemGroup>
  <ItemGroup>
    <CustomBuild Include="res\Visualizer_X.rc2">
      <Filter>Resource Files</Filter>
    </CustomBuild>
  </ItemGroup>
</Project>